// !$*UTF8*$!
{
	archiveVersion = 1;
	classes = {
	};
	objectVersion = 56;
	objects = {

/* Begin PBXBuildFile section */
		4F159F6D292AB73E00D15435 /* swapsApp.swift in Sources */ = {isa = PBXBuildFile; fileRef = 4F159F6C292AB73E00D15435 /* swapsApp.swift */; };
		4F159F6F292AB73E00D15435 /* ContentView.swift in Sources */ = {isa = PBXBuildFile; fileRef = 4F159F6E292AB73E00D15435 /* ContentView.swift */; };
		4F159F71292AB74300D15435 /* Assets.xcassets in Resources */ = {isa = PBXBuildFile; fileRef = 4F159F70292AB74300D15435 /* Assets.xcassets */; };
		4F159F75292AB74300D15435 /* Preview Assets.xcassets in Resources */ = {isa = PBXBuildFile; fileRef = 4F159F74292AB74300D15435 /* Preview Assets.xcassets */; };
		4F159F7F292AB74400D15435 /* swapsTests.swift in Sources */ = {isa = PBXBuildFile; fileRef = 4F159F7E292AB74400D15435 /* swapsTests.swift */; };
		4F159F89292AB74400D15435 /* swapsUITests.swift in Sources */ = {isa = PBXBuildFile; fileRef = 4F159F88292AB74400D15435 /* swapsUITests.swift */; };
		4F159F8B292AB74400D15435 /* swapsUITestsLaunchTests.swift in Sources */ = {isa = PBXBuildFile; fileRef = 4F159F8A292AB74400D15435 /* swapsUITestsLaunchTests.swift */; };
/* End PBXBuildFile section */

/* Begin PBXContainerItemProxy section */
		4F159F7B292AB74400D15435 /* PBXContainerItemProxy */ = {
			isa = PBXContainerItemProxy;
			containerPortal = 4F159F61292AB73E00D15435 /* Project object */;
			proxyType = 1;
			remoteGlobalIDString = 4F159F68292AB73E00D15435;
			remoteInfo = swaps;
		};
		4F159F85292AB74400D15435 /* PBXContainerItemProxy */ = {
			isa = PBXContainerItemProxy;
			containerPortal = 4F159F61292AB73E00D15435 /* Project object */;
			proxyType = 1;
			remoteGlobalIDString = 4F159F68292AB73E00D15435;
			remoteInfo = swaps;
		};
/* End PBXContainerItemProxy section */

/* Begin PBXFileReference section */
		4F159F69292AB73E00D15435 /* swaps.app */ = {isa = PBXFileReference; explicitFileType = wrapper.application; includeInIndex = 0; path = swaps.app; sourceTree = BUILT_PRODUCTS_DIR; };
		4F159F6C292AB73E00D15435 /* swapsApp.swift */ = {isa = PBXFileReference; lastKnownFileType = sourcecode.swift; path = swapsApp.swift; sourceTree = "<group>"; };
		4F159F6E292AB73E00D15435 /* ContentView.swift */ = {isa = PBXFileReference; lastKnownFileType = sourcecode.swift; path = ContentView.swift; sourceTree = "<group>"; };
		4F159F70292AB74300D15435 /* Assets.xcassets */ = {isa = PBXFileReference; lastKnownFileType = folder.assetcatalog; path = Assets.xcassets; sourceTree = "<group>"; };
		4F159F72292AB74300D15435 /* swaps.entitlements */ = {isa = PBXFileReference; lastKnownFileType = text.plist.entitlements; path = swaps.entitlements; sourceTree = "<group>"; };
		4F159F74292AB74300D15435 /* Preview Assets.xcassets */ = {isa = PBXFileReference; lastKnownFileType = folder.assetcatalog; path = "Preview Assets.xcassets"; sourceTree = "<group>"; };
		4F159F7A292AB74400D15435 /* swapsTests.xctest */ = {isa = PBXFileReference; explicitFileType = wrapper.cfbundle; includeInIndex = 0; path = swapsTests.xctest; sourceTree = BUILT_PRODUCTS_DIR; };
		4F159F7E292AB74400D15435 /* swapsTests.swift */ = {isa = PBXFileReference; lastKnownFileType = sourcecode.swift; path = swapsTests.swift; sourceTree = "<group>"; };
		4F159F84292AB74400D15435 /* swapsUITests.xctest */ = {isa = PBXFileReference; explicitFileType = wrapper.cfbundle; includeInIndex = 0; path = swapsUITests.xctest; sourceTree = BUILT_PRODUCTS_DIR; };
		4F159F88292AB74400D15435 /* swapsUITests.swift */ = {isa = PBXFileReference; lastKnownFileType = sourcecode.swift; path = swapsUITests.swift; sourceTree = "<group>"; };
		4F159F8A292AB74400D15435 /* swapsUITestsLaunchTests.swift */ = {isa = PBXFileReference; lastKnownFileType = sourcecode.swift; path = swapsUITestsLaunchTests.swift; sourceTree = "<group>"; };
/* End PBXFileReference section */

/* Begin PBXFrameworksBuildPhase section */
		4F159F66292AB73E00D15435 /* Frameworks */ = {
			isa = PBXFrameworksBuildPhase;
			buildActionMask = 2147483647;
			files = (
			);
			runOnlyForDeploymentPostprocessing = 0;
		};
		4F159F77292AB74400D15435 /* Frameworks */ = {
			isa = PBXFrameworksBuildPhase;
			buildActionMask = 2147483647;
			files = (
			);
			runOnlyForDeploymentPostprocessing = 0;
		};
		4F159F81292AB74400D15435 /* Frameworks */ = {
			isa = PBXFrameworksBuildPhase;
			buildActionMask = 2147483647;
			files = (
			);
			runOnlyForDeploymentPostprocessing = 0;
		};
/* End PBXFrameworksBuildPhase section */

/* Begin PBXGroup section */
		4F159F60292AB73E00D15435 = {
			isa = PBXGroup;
			children = (
				4F159F6B292AB73E00D15435 /* swaps */,
				4F159F7D292AB74400D15435 /* swapsTests */,
				4F159F87292AB74400D15435 /* swapsUITests */,
				4F159F6A292AB73E00D15435 /* Products */,
			);
			sourceTree = "<group>";
		};
		4F159F6A292AB73E00D15435 /* Products */ = {
			isa = PBXGroup;
			children = (
				4F159F69292AB73E00D15435 /* swaps.app */,
				4F159F7A292AB74400D15435 /* swapsTests.xctest */,
				4F159F84292AB74400D15435 /* swapsUITests.xctest */,
			);
			name = Products;
			sourceTree = "<group>";
		};
		4F159F6B292AB73E00D15435 /* swaps */ = {
			isa = PBXGroup;
			children = (
				4F159F6C292AB73E00D15435 /* swapsApp.swift */,
				4F159F6E292AB73E00D15435 /* ContentView.swift */,
				4F159F70292AB74300D15435 /* Assets.xcassets */,
				4F159F72292AB74300D15435 /* swaps.entitlements */,
				4F159F73292AB74300D15435 /* Preview Content */,
			);
			path = swaps;
			sourceTree = "<group>";
		};
		4F159F73292AB74300D15435 /* Preview Content */ = {
			isa = PBXGroup;
			children = (
				4F159F74292AB74300D15435 /* Preview Assets.xcassets */,
			);
			path = "Preview Content";
			sourceTree = "<group>";
		};
		4F159F7D292AB74400D15435 /* swapsTests */ = {
			isa = PBXGroup;
			children = (
				4F159F7E292AB74400D15435 /* swapsTests.swift */,
			);
			path = swapsTests;
			sourceTree = "<group>";
		};
		4F159F87292AB74400D15435 /* swapsUITests */ = {
			isa = PBXGroup;
			children = (
				4F159F88292AB74400D15435 /* swapsUITests.swift */,
				4F159F8A292AB74400D15435 /* swapsUITestsLaunchTests.swift */,
			);
			path = swapsUITests;
			sourceTree = "<group>";
		};
/* End PBXGroup section */

/* Begin PBXNativeTarget section */
		4F159F68292AB73E00D15435 /* swaps */ = {
			isa = PBXNativeTarget;
			buildConfigurationList = 4F159F8E292AB74400D15435 /* Build configuration list for PBXNativeTarget "swaps" */;
			buildPhases = (
				4F159F65292AB73E00D15435 /* Sources */,
				4F159F66292AB73E00D15435 /* Frameworks */,
				4F159F67292AB73E00D15435 /* Resources */,
			);
			buildRules = (
			);
			dependencies = (
			);
			name = swaps;
			productName = swaps;
			productReference = 4F159F69292AB73E00D15435 /* swaps.app */;
			productType = "com.apple.product-type.application";
		};
		4F159F79292AB74400D15435 /* swapsTests */ = {
			isa = PBXNativeTarget;
			buildConfigurationList = 4F159F91292AB74400D15435 /* Build configuration list for PBXNativeTarget "swapsTests" */;
			buildPhases = (
				4F159F76292AB74400D15435 /* Sources */,
				4F159F77292AB74400D15435 /* Frameworks */,
				4F159F78292AB74400D15435 /* Resources */,
			);
			buildRules = (
			);
			dependencies = (
				4F159F7C292AB74400D15435 /* PBXTargetDependency */,
			);
			name = swapsTests;
			productName = swapsTests;
			productReference = 4F159F7A292AB74400D15435 /* swapsTests.xctest */;
			productType = "com.apple.product-type.bundle.unit-test";
		};
		4F159F83292AB74400D15435 /* swapsUITests */ = {
			isa = PBXNativeTarget;
			buildConfigurationList = 4F159F94292AB74400D15435 /* Build configuration list for PBXNativeTarget "swapsUITests" */;
			buildPhases = (
				4F159F80292AB74400D15435 /* Sources */,
				4F159F81292AB74400D15435 /* Frameworks */,
				4F159F82292AB74400D15435 /* Resources */,
			);
			buildRules = (
			);
			dependencies = (
				4F159F86292AB74400D15435 /* PBXTargetDependency */,
			);
			name = swapsUITests;
			productName = swapsUITests;
			productReference = 4F159F84292AB74400D15435 /* swapsUITests.xctest */;
			productType = "com.apple.product-type.bundle.ui-testing";
		};
/* End PBXNativeTarget section */

/* Begin PBXProject section */
		4F159F61292AB73E00D15435 /* Project object */ = {
			isa = PBXProject;
			attributes = {
				BuildIndependentTargetsInParallel = 1;
				LastSwiftUpdateCheck = 1410;
				LastUpgradeCheck = 1410;
				TargetAttributes = {
					4F159F68292AB73E00D15435 = {
						CreatedOnToolsVersion = 14.1;
					};
					4F159F79292AB74400D15435 = {
						CreatedOnToolsVersion = 14.1;
						TestTargetID = 4F159F68292AB73E00D15435;
					};
					4F159F83292AB74400D15435 = {
						CreatedOnToolsVersion = 14.1;
						TestTargetID = 4F159F68292AB73E00D15435;
					};
				};
			};
			buildConfigurationList = 4F159F64292AB73E00D15435 /* Build configuration list for PBXProject "swaps" */;
			compatibilityVersion = "Xcode 14.0";
			developmentRegion = en;
			hasScannedForEncodings = 0;
			knownRegions = (
				en,
				Base,
			);
			mainGroup = 4F159F60292AB73E00D15435;
			productRefGroup = 4F159F6A292AB73E00D15435 /* Products */;
			projectDirPath = "";
			projectRoot = "";
			targets = (
				4F159F68292AB73E00D15435 /* swaps */,
				4F159F79292AB74400D15435 /* swapsTests */,
				4F159F83292AB74400D15435 /* swapsUITests */,
			);
		};
/* End PBXProject section */

/* Begin PBXResourcesBuildPhase section */
		4F159F67292AB73E00D15435 /* Resources */ = {
			isa = PBXResourcesBuildPhase;
			buildActionMask = 2147483647;
			files = (
				4F159F75292AB74300D15435 /* Preview Assets.xcassets in Resources */,
				4F159F71292AB74300D15435 /* Assets.xcassets in Resources */,
			);
			runOnlyForDeploymentPostprocessing = 0;
		};
		4F159F78292AB74400D15435 /* Resources */ = {
			isa = PBXResourcesBuildPhase;
			buildActionMask = 2147483647;
			files = (
			);
			runOnlyForDeploymentPostprocessing = 0;
		};
		4F159F82292AB74400D15435 /* Resources */ = {
			isa = PBXResourcesBuildPhase;
			buildActionMask = 2147483647;
			files = (
			);
			runOnlyForDeploymentPostprocessing = 0;
		};
/* End PBXResourcesBuildPhase section */

/* Begin PBXSourcesBuildPhase section */
		4F159F65292AB73E00D15435 /* Sources */ = {
			isa = PBXSourcesBuildPhase;
			buildActionMask = 2147483647;
			files = (
				4F159F6F292AB73E00D15435 /* ContentView.swift in Sources */,
				4F159F6D292AB73E00D15435 /* swapsApp.swift in Sources */,
			);
			runOnlyForDeploymentPostprocessing = 0;
		};
		4F159F76292AB74400D15435 /* Sources */ = {
			isa = PBXSourcesBuildPhase;
			buildActionMask = 2147483647;
			files = (
				4F159F7F292AB74400D15435 /* swapsTests.swift in Sources */,
			);
			runOnlyForDeploymentPostprocessing = 0;
		};
		4F159F80292AB74400D15435 /* Sources */ = {
			isa = PBXSourcesBuildPhase;
			buildActionMask = 2147483647;
			files = (
				4F159F89292AB74400D15435 /* swapsUITests.swift in Sources */,
				4F159F8B292AB74400D15435 /* swapsUITestsLaunchTests.swift in Sources */,
			);
			runOnlyForDeploymentPostprocessing = 0;
		};
/* End PBXSourcesBuildPhase section */

/* Begin PBXTargetDependency section */
		4F159F7C292AB74400D15435 /* PBXTargetDependency */ = {
			isa = PBXTargetDependency;
			target = 4F159F68292AB73E00D15435 /* swaps */;
			targetProxy = 4F159F7B292AB74400D15435 /* PBXContainerItemProxy */;
		};
		4F159F86292AB74400D15435 /* PBXTargetDependency */ = {
			isa = PBXTargetDependency;
			target = 4F159F68292AB73E00D15435 /* swaps */;
			targetProxy = 4F159F85292AB74400D15435 /* PBXContainerItemProxy */;
		};
/* End PBXTargetDependency section */

/* Begin XCBuildConfiguration section */
		4F159F8C292AB74400D15435 /* Debug */ = {
			isa = XCBuildConfiguration;
			buildSettings = {
				ALWAYS_SEARCH_USER_PATHS = NO;
				CLANG_ANALYZER_NONNULL = YES;
				CLANG_ANALYZER_NUMBER_OBJECT_CONVERSION = YES_AGGRESSIVE;
				CLANG_CXX_LANGUAGE_STANDARD = "gnu++20";
				CLANG_ENABLE_MODULES = YES;
				CLANG_ENABLE_OBJC_ARC = YES;
				CLANG_ENABLE_OBJC_WEAK = YES;
				CLANG_WARN_BLOCK_CAPTURE_AUTORELEASING = YES;
				CLANG_WARN_BOOL_CONVERSION = YES;
				CLANG_WARN_COMMA = YES;
				CLANG_WARN_CONSTANT_CONVERSION = YES;
				CLANG_WARN_DEPRECATED_OBJC_IMPLEMENTATIONS = YES;
				CLANG_WARN_DIRECT_OBJC_ISA_USAGE = YES_ERROR;
				CLANG_WARN_DOCUMENTATION_COMMENTS = YES;
				CLANG_WARN_EMPTY_BODY = YES;
				CLANG_WARN_ENUM_CONVERSION = YES;
				CLANG_WARN_INFINITE_RECURSION = YES;
				CLANG_WARN_INT_CONVERSION = YES;
				CLANG_WARN_NON_LITERAL_NULL_CONVERSION = YES;
				CLANG_WARN_OBJC_IMPLICIT_RETAIN_SELF = YES;
				CLANG_WARN_OBJC_LITERAL_CONVERSION = YES;
				CLANG_WARN_OBJC_ROOT_CLASS = YES_ERROR;
				CLANG_WARN_QUOTED_INCLUDE_IN_FRAMEWORK_HEADER = YES;
				CLANG_WARN_RANGE_LOOP_ANALYSIS = YES;
				CLANG_WARN_STRICT_PROTOTYPES = YES;
				CLANG_WARN_SUSPICIOUS_MOVE = YES;
				CLANG_WARN_UNGUARDED_AVAILABILITY = YES_AGGRESSIVE;
				CLANG_WARN_UNREACHABLE_CODE = YES;
				CLANG_WARN__DUPLICATE_METHOD_MATCH = YES;
				COPY_PHASE_STRIP = NO;
				DEBUG_INFORMATION_FORMAT = dwarf;
				ENABLE_STRICT_OBJC_MSGSEND = YES;
				ENABLE_TESTABILITY = YES;
				GCC_C_LANGUAGE_STANDARD = gnu11;
				GCC_DYNAMIC_NO_PIC = NO;
				GCC_NO_COMMON_BLOCKS = YES;
				GCC_OPTIMIZATION_LEVEL = 0;
				GCC_PREPROCESSOR_DEFINITIONS = (
					"DEBUG=1",
					"$(inherited)",
				);
				GCC_WARN_64_TO_32_BIT_CONVERSION = YES;
				GCC_WARN_ABOUT_RETURN_TYPE = YES_ERROR;
				GCC_WARN_UNDECLARED_SELECTOR = YES;
				GCC_WARN_UNINITIALIZED_AUTOS = YES_AGGRESSIVE;
				GCC_WARN_UNUSED_FUNCTION = YES;
				GCC_WARN_UNUSED_VARIABLE = YES;
				MTL_ENABLE_DEBUG_INFO = INCLUDE_SOURCE;
				MTL_FAST_MATH = YES;
				ONLY_ACTIVE_ARCH = YES;
				SWIFT_ACTIVE_COMPILATION_CONDITIONS = DEBUG;
				SWIFT_OPTIMIZATION_LEVEL = "-Onone";
			};
			name = Debug;
		};
		4F159F8D292AB74400D15435 /* Release */ = {
			isa = XCBuildConfiguration;
			buildSettings = {
				ALWAYS_SEARCH_USER_PATHS = NO;
				CLANG_ANALYZER_NONNULL = YES;
				CLANG_ANALYZER_NUMBER_OBJECT_CONVERSION = YES_AGGRESSIVE;
				CLANG_CXX_LANGUAGE_STANDARD = "gnu++20";
				CLANG_ENABLE_MODULES = YES;
				CLANG_ENABLE_OBJC_ARC = YES;
				CLANG_ENABLE_OBJC_WEAK = YES;
				CLANG_WARN_BLOCK_CAPTURE_AUTORELEASING = YES;
				CLANG_WARN_BOOL_CONVERSION = YES;
				CLANG_WARN_COMMA = YES;
				CLANG_WARN_CONSTANT_CONVERSION = YES;
				CLANG_WARN_DEPRECATED_OBJC_IMPLEMENTATIONS = YES;
				CLANG_WARN_DIRECT_OBJC_ISA_USAGE = YES_ERROR;
				CLANG_WARN_DOCUMENTATION_COMMENTS = YES;
				CLANG_WARN_EMPTY_BODY = YES;
				CLANG_WARN_ENUM_CONVERSION = YES;
				CLANG_WARN_INFINITE_RECURSION = YES;
				CLANG_WARN_INT_CONVERSION = YES;
				CLANG_WARN_NON_LITERAL_NULL_CONVERSION = YES;
				CLANG_WARN_OBJC_IMPLICIT_RETAIN_SELF = YES;
				CLANG_WARN_OBJC_LITERAL_CONVERSION = YES;
				CLANG_WARN_OBJC_ROOT_CLASS = YES_ERROR;
				CLANG_WARN_QUOTED_INCLUDE_IN_FRAMEWORK_HEADER = YES;
				CLANG_WARN_RANGE_LOOP_ANALYSIS = YES;
				CLANG_WARN_STRICT_PROTOTYPES = YES;
				CLANG_WARN_SUSPICIOUS_MOVE = YES;
				CLANG_WARN_UNGUARDED_AVAILABILITY = YES_AGGRESSIVE;
				CLANG_WARN_UNREACHABLE_CODE = YES;
				CLANG_WARN__DUPLICATE_METHOD_MATCH = YES;
				COPY_PHASE_STRIP = NO;
				DEBUG_INFORMATION_FORMAT = "dwarf-with-dsym";
				ENABLE_NS_ASSERTIONS = NO;
				ENABLE_STRICT_OBJC_MSGSEND = YES;
				GCC_C_LANGUAGE_STANDARD = gnu11;
				GCC_NO_COMMON_BLOCKS = YES;
				GCC_WARN_64_TO_32_BIT_CONVERSION = YES;
				GCC_WARN_ABOUT_RETURN_TYPE = YES_ERROR;
				GCC_WARN_UNDECLARED_SELECTOR = YES;
				GCC_WARN_UNINITIALIZED_AUTOS = YES_AGGRESSIVE;
				GCC_WARN_UNUSED_FUNCTION = YES;
				GCC_WARN_UNUSED_VARIABLE = YES;
				MTL_ENABLE_DEBUG_INFO = NO;
				MTL_FAST_MATH = YES;
				SWIFT_COMPILATION_MODE = wholemodule;
				SWIFT_OPTIMIZATION_LEVEL = "-O";
			};
			name = Release;
		};
		4F159F8F292AB74400D15435 /* Debug */ = {
			isa = XCBuildConfiguration;
			buildSettings = {
				ASSETCATALOG_COMPILER_APPICON_NAME = AppIcon;
				ASSETCATALOG_COMPILER_GLOBAL_ACCENT_COLOR_NAME = AccentColor;
				CODE_SIGN_ENTITLEMENTS = swaps/swaps.entitlements;
				CODE_SIGN_STYLE = Automatic;
				CURRENT_PROJECT_VERSION = 1;
				DEVELOPMENT_ASSET_PATHS = "\"swaps/Preview Content\"";
				ENABLE_PREVIEWS = YES;
				GENERATE_INFOPLIST_FILE = YES;
				"INFOPLIST_KEY_UIApplicationSceneManifest_Generation[sdk=iphoneos*]" = YES;
				"INFOPLIST_KEY_UIApplicationSceneManifest_Generation[sdk=iphonesimulator*]" = YES;
				"INFOPLIST_KEY_UIApplicationSupportsIndirectInputEvents[sdk=iphoneos*]" = YES;
				"INFOPLIST_KEY_UIApplicationSupportsIndirectInputEvents[sdk=iphonesimulator*]" = YES;
				"INFOPLIST_KEY_UILaunchScreen_Generation[sdk=iphoneos*]" = YES;
				"INFOPLIST_KEY_UILaunchScreen_Generation[sdk=iphonesimulator*]" = YES;
				"INFOPLIST_KEY_UIStatusBarStyle[sdk=iphoneos*]" = UIStatusBarStyleDefault;
				"INFOPLIST_KEY_UIStatusBarStyle[sdk=iphonesimulator*]" = UIStatusBarStyleDefault;
				INFOPLIST_KEY_UISupportedInterfaceOrientations_iPad = "UIInterfaceOrientationPortrait UIInterfaceOrientationPortraitUpsideDown UIInterfaceOrientationLandscapeLeft UIInterfaceOrientationLandscapeRight";
				INFOPLIST_KEY_UISupportedInterfaceOrientations_iPhone = "UIInterfaceOrientationPortrait UIInterfaceOrientationLandscapeLeft UIInterfaceOrientationLandscapeRight";
				IPHONEOS_DEPLOYMENT_TARGET = 16.1;
				LD_RUNPATH_SEARCH_PATHS = "@executable_path/Frameworks";
				"LD_RUNPATH_SEARCH_PATHS[sdk=macosx*]" = "@executable_path/../Frameworks";
				MACOSX_DEPLOYMENT_TARGET = 13.0;
				MARKETING_VERSION = 1.0;
				PRODUCT_BUNDLE_IDENTIFIER = wicdevpractice.swaps;
				PRODUCT_NAME = "$(TARGET_NAME)";
				SDKROOT = auto;
				SUPPORTED_PLATFORMS = "iphoneos iphonesimulator macosx";
				SWIFT_EMIT_LOC_STRINGS = YES;
				SWIFT_VERSION = 5.0;
				TARGETED_DEVICE_FAMILY = "1,2";
			};
			name = Debug;
		};
		4F159F90292AB74400D15435 /* Release */ = {
			isa = XCBuildConfiguration;
			buildSettings = {
				ASSETCATALOG_COMPILER_APPICON_NAME = AppIcon;
				ASSETCATALOG_COMPILER_GLOBAL_ACCENT_COLOR_NAME = AccentColor;
				CODE_SIGN_ENTITLEMENTS = swaps/swaps.entitlements;
				CODE_SIGN_STYLE = Automatic;
				CURRENT_PROJECT_VERSION = 1;
				DEVELOPMENT_ASSET_PATHS = "\"swaps/Preview Content\"";
				ENABLE_PREVIEWS = YES;
				GENERATE_INFOPLIST_FILE = YES;
				"INFOPLIST_KEY_UIApplicationSceneManifest_Generation[sdk=iphoneos*]" = YES;
				"INFOPLIST_KEY_UIApplicationSceneManifest_Generation[sdk=iphonesimulator*]" = YES;
				"INFOPLIST_KEY_UIApplicationSupportsIndirectInputEvents[sdk=iphoneos*]" = YES;
				"INFOPLIST_KEY_UIApplicationSupportsIndirectInputEvents[sdk=iphonesimulator*]" = YES;
				"INFOPLIST_KEY_UILaunchScreen_Generation[sdk=iphoneos*]" = YES;
				"INFOPLIST_KEY_UILaunchScreen_Generation[sdk=iphonesimulator*]" = YES;
				"INFOPLIST_KEY_UIStatusBarStyle[sdk=iphoneos*]" = UIStatusBarStyleDefault;
				"INFOPLIST_KEY_UIStatusBarStyle[sdk=iphonesimulator*]" = UIStatusBarStyleDefault;
				INFOPLIST_KEY_UISupportedInterfaceOrientations_iPad = "UIInterfaceOrientationPortrait UIInterfaceOrientationPortraitUpsideDown UIInterfaceOrientationLandscapeLeft UIInterfaceOrientationLandscapeRight";
				INFOPLIST_KEY_UISupportedInterfaceOrientations_iPhone = "UIInterfaceOrientationPortrait UIInterfaceOrientationLandscapeLeft UIInterfaceOrientationLandscapeRight";
				IPHONEOS_DEPLOYMENT_TARGET = 16.1;
				LD_RUNPATH_SEARCH_PATHS = "@executable_path/Frameworks";
				"LD_RUNPATH_SEARCH_PATHS[sdk=macosx*]" = "@executable_path/../Frameworks";
				MACOSX_DEPLOYMENT_TARGET = 13.0;
				MARKETING_VERSION = 1.0;
				PRODUCT_BUNDLE_IDENTIFIER = wicdevpractice.swaps;
				PRODUCT_NAME = "$(TARGET_NAME)";
				SDKROOT = auto;
				SUPPORTED_PLATFORMS = "iphoneos iphonesimulator macosx";
				SWIFT_EMIT_LOC_STRINGS = YES;
				SWIFT_VERSION = 5.0;
				TARGETED_DEVICE_FAMILY = "1,2";
			};
			name = Release;
		};
		4F159F92292AB74400D15435 /* Debug */ = {
			isa = XCBuildConfiguration;
			buildSettings = {
				ALWAYS_EMBED_SWIFT_STANDARD_LIBRARIES = YES;
				BUNDLE_LOADER = "$(TEST_HOST)";
				CODE_SIGN_STYLE = Automatic;
				CURRENT_PROJECT_VERSION = 1;
				GENERATE_INFOPLIST_FILE = YES;
				IPHONEOS_DEPLOYMENT_TARGET = 16.1;
				MACOSX_DEPLOYMENT_TARGET = 13.0;
				MARKETING_VERSION = 1.0;
				PRODUCT_BUNDLE_IDENTIFIER = wicdevpractice.swapsTests;
				PRODUCT_NAME = "$(TARGET_NAME)";
				SDKROOT = auto;
				SUPPORTED_PLATFORMS = "iphoneos iphonesimulator macosx";
				SWIFT_EMIT_LOC_STRINGS = NO;
				SWIFT_VERSION = 5.0;
				TARGETED_DEVICE_FAMILY = "1,2";
				TEST_HOST = "$(BUILT_PRODUCTS_DIR)/swaps.app/$(BUNDLE_EXECUTABLE_FOLDER_PATH)/swaps";
			};
			name = Debug;
		};
		4F159F93292AB74400D15435 /* Release */ = {
			isa = XCBuildConfiguration;
			buildSettings = {
				ALWAYS_EMBED_SWIFT_STANDARD_LIBRARIES = YES;
				BUNDLE_LOADER = "$(TEST_HOST)";
				CODE_SIGN_STYLE = Automatic;
				CURRENT_PROJECT_VERSION = 1;
				GENERATE_INFOPLIST_FILE = YES;
				IPHONEOS_DEPLOYMENT_TARGET = 16.1;
				MACOSX_DEPLOYMENT_TARGET = 13.0;
				MARKETING_VERSION = 1.0;
				PRODUCT_BUNDLE_IDENTIFIER = wicdevpractice.swapsTests;
				PRODUCT_NAME = "$(TARGET_NAME)";
				SDKROOT = auto;
				SUPPORTED_PLATFORMS = "iphoneos iphonesimulator macosx";
				SWIFT_EMIT_LOC_STRINGS = NO;
				SWIFT_VERSION = 5.0;
				TARGETED_DEVICE_FAMILY = "1,2";
				TEST_HOST = "$(BUILT_PRODUCTS_DIR)/swaps.app/$(BUNDLE_EXECUTABLE_FOLDER_PATH)/swaps";
			};
			name = Release;
		};
		4F159F95292AB74400D15435 /* Debug */ = {
			isa = XCBuildConfiguration;
			buildSettings = {
				ALWAYS_EMBED_SWIFT_STANDARD_LIBRARIES = YES;
				CODE_SIGN_STYLE = Automatic;
				CURRENT_PROJECT_VERSION = 1;
				GENERATE_INFOPLIST_FILE = YES;
				IPHONEOS_DEPLOYMENT_TARGET = 16.1;
				MACOSX_DEPLOYMENT_TARGET = 13.0;
				MARKETING_VERSION = 1.0;
				PRODUCT_BUNDLE_IDENTIFIER = wicdevpractice.swapsUITests;
				PRODUCT_NAME = "$(TARGET_NAME)";
				SDKROOT = auto;
				SUPPORTED_PLATFORMS = "iphoneos iphonesimulator macosx";
				SWIFT_EMIT_LOC_STRINGS = NO;
				SWIFT_VERSION = 5.0;
				TARGETED_DEVICE_FAMILY = "1,2";
				TEST_TARGET_NAME = swaps;
			};
			name = Debug;
		};
		4F159F96292AB74400D15435 /* Release */ = {
			isa = XCBuildConfiguration;
			buildSettings = {
				ALWAYS_EMBED_SWIFT_STANDARD_LIBRARIES = YES;
				CODE_SIGN_STYLE = Automatic;
				CURRENT_PROJECT_VERSION = 1;
				GENERATE_INFOPLIST_FILE = YES;
				IPHONEOS_DEPLOYMENT_TARGET = 16.1;
				MACOSX_DEPLOYMENT_TARGET = 13.0;
				MARKETING_VERSION = 1.0;
				PRODUCT_BUNDLE_IDENTIFIER = wicdevpractice.swapsUITests;
				PRODUCT_NAME = "$(TARGET_NAME)";
				SDKROOT = auto;
				SUPPORTED_PLATFORMS = "iphoneos iphonesimulator macosx";
				SWIFT_EMIT_LOC_STRINGS = NO;
				SWIFT_VERSION = 5.0;
				TARGETED_DEVICE_FAMILY = "1,2";
				TEST_TARGET_NAME = swaps;
			};
			name = Release;
		};
/* End XCBuildConfiguration section */

/* Begin XCConfigurationList section */
		4F159F64292AB73E00D15435 /* Build configuration list for PBXProject "swaps" */ = {
			isa = XCConfigurationList;
			buildConfigurations = (
				4F159F8C292AB74400D15435 /* Debug */,
				4F159F8D292AB74400D15435 /* Release */,
			);
			defaultConfigurationIsVisible = 0;
			defaultConfigurationName = Release;
		};
		4F159F8E292AB74400D15435 /* Build configuration list for PBXNativeTarget "swaps" */ = {
			isa = XCConfigurationList;
			buildConfigurations = (
				4F159F8F292AB74400D15435 /* Debug */,
				4F159F90292AB74400D15435 /* Release */,
			);
			defaultConfigurationIsVisible = 0;
			defaultConfigurationName = Release;
		};
		4F159F91292AB74400D15435 /* Build configuration list for PBXNativeTarget "swapsTests" */ = {
			isa = XCConfigurationList;
			buildConfigurations = (
				4F159F92292AB74400D15435 /* Debug */,
				4F159F93292AB74400D15435 /* Release */,
			);
			defaultConfigurationIsVisible = 0;
			defaultConfigurationName = Release;
		};
		4F159F94292AB74400D15435 /* Build configuration list for PBXNativeTarget "swapsUITests" */ = {
			isa = XCConfigurationList;
			buildConfigurations = (
				4F159F95292AB74400D15435 /* Debug */,
				4F159F96292AB74400D15435 /* Release */,
			);
			defaultConfigurationIsVisible = 0;
			defaultConfigurationName = Release;
		};
/* End XCConfigurationList section */
	};
	rootObject = 4F159F61292AB73E00D15435 /* Project object */;
}
